
Microsoft Visual Studio Solution File, Format Version 12.00
# Visual Studio 15
VisualStudioVersion = 15.0.26730.12
MinimumVisualStudioVersion = 10.0.40219.1
Project("{8BC9CEB8-8B4A-11D0-8D11-00A0C91BC942}") = "Cairo", "Cairo\Cairo.vcxproj", "{61070B97-6566-4533-B58B-3922B7A68FB3}"
EndProject
Project("{8BC9CEB8-8B4A-11D0-8D11-00A0C91BC942}") = "Pixman", "..\Pixman\Pixman\Pixman.vcxproj", "{AB95137A-C4F6-4F45-B8A1-74149D7632C0}"
EndProject
Project("{8BC9CEB8-8B4A-11D0-8D11-00A0C91BC942}") = "CairoTest", "CairoTest\CairoTest.vcxproj", "{8DD9F19D-FA4F-4547-B87C-F2D6552BA310}"
EndProject
Global
	GlobalSection(SolutionConfigurationPlatforms) = preSolution
		Debug|x64 = Debug|x64
		Debug|x86 = Debug|x86
		Release|x64 = Release|x64
		Release|x86 = Release|x86
	EndGlobalSection
	GlobalSection(ProjectConfigurationPlatforms) = postSolution
		{61070B97-6566-4533-B58B-3922B7A68FB3}.Debug|x64.ActiveCfg = Debug|x64
		{61070B97-6566-4533-B58B-3922B7A68FB3}.Debug|x64.Build.0 = Debug|x64
		{61070B97-6566-4533-B58B-3922B7A68FB3}.Debug|x86.ActiveCfg = Debug|Win32
		{61070B97-6566-4533-B58B-3922B7A68FB3}.Debug|x86.Build.0 = Debug|Win32
		{61070B97-6566-4533-B58B-3922B7A68FB3}.Release|x64.ActiveCfg = Release|x64
		{61070B97-6566-4533-B58B-3922B7A68FB3}.Release|x64.Build.0 = Release|x64
		{61070B97-6566-4533-B58B-3922B7A68FB3}.Release|x86.ActiveCfg = Release|Win32
		{61070B97-6566-4533-B58B-3922B7A68FB3}.Release|x86.Build.0 = Release|Win32
		{AB95137A-C4F6-4F45-B8A1-74149D7632C0}.Debug|x64.ActiveCfg = Debug|x64
		{AB95137A-C4F6-4F45-B8A1-74149D7632C0}.Debug|x64.Build.0 = Debug|x64
		{AB95137A-C4F6-4F45-B8A1-74149D7632C0}.Debug|x86.ActiveCfg = Debug|Win32
		{AB95137A-C4F6-4F45-B8A1-74149D7632C0}.Debug|x86.Build.0 = Debug|Win32
		{AB95137A-C4F6-4F45-B8A1-74149D7632C0}.Release|x64.ActiveCfg = Release|x64
		{AB95137A-C4F6-4F45-B8A1-74149D7632C0}.Release|x64.Build.0 = Release|x64
		{AB95137A-C4F6-4F45-B8A1-74149D7632C0}.Release|x86.ActiveCfg = Release|Win32
		{AB95137A-C4F6-4F45-B8A1-74149D7632C0}.Release|x86.Build.0 = Release|Win32
		{8DD9F19D-FA4F-4547-B87C-F2D6552BA310}.Debug|x64.ActiveCfg = Debug|x64
		{8DD9F19D-FA4F-4547-B87C-F2D6552BA310}.Debug|x64.Build.0 = Debug|x64
		{8DD9F19D-FA4F-4547-B87C-F2D6552BA310}.Debug|x86.ActiveCfg = Debug|Win32
		{8DD9F19D-FA4F-4547-B87C-F2D6552BA310}.Debug|x86.Build.0 = Debug|Win32
		{8DD9F19D-FA4F-4547-B87C-F2D6552BA310}.Release|x64.ActiveCfg = Release|x64
		{8DD9F19D-FA4F-4547-B87C-F2D6552BA310}.Release|x64.Build.0 = Release|x64
		{8DD9F19D-FA4F-4547-B87C-F2D6552BA310}.Release|x86.ActiveCfg = Release|Win32
		{8DD9F19D-FA4F-4547-B87C-F2D6552BA310}.Release|x86.Build.0 = Release|Win32
	EndGlobalSection
	GlobalSection(SolutionProperties) = preSolution
		HideSolutionNode = FALSE
	EndGlobalSection
	GlobalSection(ExtensibilityGlobals) = postSolution
		SolutionGuid = {B25851B6-D618-4F85-A9B3-54CCC28E7C63}
	EndGlobalSection
EndGlobal
